
Microsoft Visual Studio Solution File, Format Version 12.00
# Visual Studio Version 17
VisualStudioVersion = 17.4.33122.133
MinimumVisualStudioVersion = 10.0.40219.1
Project("{FAE04EC0-301F-11D3-BF4B-00C04F79EFBC}") = "RestWithASP-NET5U", "RestWithASP-NET5U\RestWithASP-NET5U.csproj", "{92242ED5-0506-4040-9512-4924AEBF91E4}"
EndProject
Global
	GlobalSection(SolutionConfigurationPlatforms) = preSolution
		Debug|Any CPU = Debug|Any CPU
		Release|Any CPU = Release|Any CPU
	EndGlobalSection
	GlobalSection(ProjectConfigurationPlatforms) = postSolution
		{92242ED5-0506-4040-9512-4924AEBF91E4}.Debug|Any CPU.ActiveCfg = Debug|Any CPU
		{92242ED5-0506-4040-9512-4924AEBF91E4}.Debug|Any CPU.Build.0 = Debug|Any CPU
		{92242ED5-0506-4040-9512-4924AEBF91E4}.Release|Any CPU.ActiveCfg = Release|Any CPU
		{92242ED5-0506-4040-9512-4924AEBF91E4}.Release|Any CPU.Build.0 = Release|Any CPU
	EndGlobalSection
	GlobalSection(SolutionProperties) = preSolution
		HideSolutionNode = FALSE
	EndGlobalSection
	GlobalSection(ExtensibilityGlobals) = postSolution
		SolutionGuid = {98FBF367-DBF2-41FA-86F1-99AB43D6BD76}
	EndGlobalSection
EndGlobal
